
Microsoft Visual Studio Solution File, Format Version 12.00
# Visual Studio Version 16
VisualStudioVersion = 16.0.31624.102
MinimumVisualStudioVersion = 10.0.40219.1
Project("{FAE04EC0-301F-11D3-BF4B-00C04F79EFBC}") = "VentasAP", "VentasAP\VentasAP.csproj", "{B1601669-F0EB-4093-95C4-66EA0DC2B438}"
EndProject
Global
	GlobalSection(SolutionConfigurationPlatforms) = preSolution
		Debug|Any CPU = Debug|Any CPU
		Release|Any CPU = Release|Any CPU
	EndGlobalSection
	GlobalSection(ProjectConfigurationPlatforms) = postSolution
		{B1601669-F0EB-4093-95C4-66EA0DC2B438}.Debug|Any CPU.ActiveCfg = Debug|Any CPU
		{B1601669-F0EB-4093-95C4-66EA0DC2B438}.Debug|Any CPU.Build.0 = Debug|Any CPU
		{B1601669-F0EB-4093-95C4-66EA0DC2B438}.Release|Any CPU.ActiveCfg = Release|Any CPU
		{B1601669-F0EB-4093-95C4-66EA0DC2B438}.Release|Any CPU.Build.0 = Release|Any CPU
	EndGlobalSection
	GlobalSection(SolutionProperties) = preSolution
		HideSolutionNode = FALSE
	EndGlobalSection
	GlobalSection(ExtensibilityGlobals) = postSolution
		SolutionGuid = {06A5DC5D-A30A-4DFD-B918-A3D17DA838CE}
	EndGlobalSection
EndGlobal
